
Microsoft Visual Studio Solution File, Format Version 12.00
Project("{FAE04EC0-301F-11D3-BF4B-00C04F79EFBC}") = "StronglyTypedIds", "StronglyTypedIds\StronglyTypedIds.csproj", "{C00EFB7C-9E39-40E3-8AF3-4304B49581ED}"
EndProject
Project("{FAE04EC0-301F-11D3-BF4B-00C04F79EFBC}") = "StronglyTypedIds.Tests", "StronglyTypedIds.Tests\StronglyTypedIds.Tests.csproj", "{899D46B9-BA8B-4D9D-8980-CC23C995826E}"
EndProject
Project("{2150E333-8FDC-42A3-9474-1A3956D46DE8}") = "Solution Files", "Solution Files", "{7D2515C7-429B-41E1-88C4-BD58DC2B3A23}"
	ProjectSection(SolutionItems) = preProject
		LICENSE = LICENSE
		README.md = README.md
		Directory.Packages.props = Directory.Packages.props
	EndProjectSection
EndProject
Global
	GlobalSection(SolutionConfigurationPlatforms) = preSolution
		Debug|Any CPU = Debug|Any CPU
		Release|Any CPU = Release|Any CPU
	EndGlobalSection
	GlobalSection(ProjectConfigurationPlatforms) = postSolution
		{C00EFB7C-9E39-40E3-8AF3-4304B49581ED}.Debug|Any CPU.ActiveCfg = Debug|Any CPU
		{C00EFB7C-9E39-40E3-8AF3-4304B49581ED}.Debug|Any CPU.Build.0 = Debug|Any CPU
		{C00EFB7C-9E39-40E3-8AF3-4304B49581ED}.Release|Any CPU.ActiveCfg = Release|Any CPU
		{C00EFB7C-9E39-40E3-8AF3-4304B49581ED}.Release|Any CPU.Build.0 = Release|Any CPU
		{899D46B9-BA8B-4D9D-8980-CC23C995826E}.Debug|Any CPU.ActiveCfg = Debug|Any CPU
		{899D46B9-BA8B-4D9D-8980-CC23C995826E}.Debug|Any CPU.Build.0 = Debug|Any CPU
		{899D46B9-BA8B-4D9D-8980-CC23C995826E}.Release|Any CPU.ActiveCfg = Release|Any CPU
		{899D46B9-BA8B-4D9D-8980-CC23C995826E}.Release|Any CPU.Build.0 = Release|Any CPU
	EndGlobalSection
EndGlobal
