
Microsoft Visual Studio Solution File, Format Version 12.00
# Visual Studio Version 17
VisualStudioVersion = 17.2.32526.322
MinimumVisualStudioVersion = 10.0.40219.1
Project("{2150E333-8FDC-42A3-9474-1A3956D46DE8}") = "Solution Files", "Solution Files", "{29EFA435-5AEC-4B1A-A750-5C04E1C13B2F}"
	ProjectSection(SolutionItems) = preProject
		LICENSE = LICENSE
		README.md = README.md
		Directory.Packages.props = Directory.Packages.props
		global.json = global.json
		nuget.config = nuget.config
		Directory.Build.props = Directory.Build.props
		.gitignore = .gitignore
		.editorconfig = .editorconfig
	EndProjectSection
EndProject
Project("{FAE04EC0-301F-11D3-BF4B-00C04F79EFBC}") = "StronglyTypedIds", "StronglyTypedIds\StronglyTypedIds.csproj", "{C00EFB7C-9E39-40E3-8AF3-4304B49581ED}"
EndProject
Project("{FAE04EC0-301F-11D3-BF4B-00C04F79EFBC}") = "StronglyTypedIds.Tests", "StronglyTypedIds.Tests\StronglyTypedIds.Tests.csproj", "{899D46B9-BA8B-4D9D-8980-CC23C995826E}"
EndProject
Project("{2150E333-8FDC-42A3-9474-1A3956D46DE8}") = "Github", "Github", "{97DA543D-AE26-4CAA-93DF-8E2526DFBF0F}"
EndProject
Project("{2150E333-8FDC-42A3-9474-1A3956D46DE8}") = "Workflows", "Workflows", "{E0648CFA-E4FB-49AA-8488-69BF2D5FC488}"
	ProjectSection(SolutionItems) = preProject
		.github\workflows\codeql-analysis.yml = .github\workflows\codeql-analysis.yml
		.github\workflows\dotnet-core.yml = .github\workflows\dotnet-core.yml
		.github\workflows\NuGet-package-deployment.yml = .github\workflows\NuGet-package-deployment.yml
	EndProjectSection
EndProject

Global
	GlobalSection(SolutionConfigurationPlatforms) = preSolution
		Debug|Any CPU = Debug|Any CPU
		Release|Any CPU = Release|Any CPU
	EndGlobalSection
	GlobalSection(ProjectConfigurationPlatforms) = postSolution
		{C00EFB7C-9E39-40E3-8AF3-4304B49581ED}.Debug|Any CPU.ActiveCfg = Debug|Any CPU
		{C00EFB7C-9E39-40E3-8AF3-4304B49581ED}.Debug|Any CPU.Build.0 = Debug|Any CPU
		{C00EFB7C-9E39-40E3-8AF3-4304B49581ED}.Release|Any CPU.ActiveCfg = Release|Any CPU
		{C00EFB7C-9E39-40E3-8AF3-4304B49581ED}.Release|Any CPU.Build.0 = Release|Any CPU
		{899D46B9-BA8B-4D9D-8980-CC23C995826E}.Debug|Any CPU.ActiveCfg = Debug|Any CPU
		{899D46B9-BA8B-4D9D-8980-CC23C995826E}.Debug|Any CPU.Build.0 = Debug|Any CPU
		{899D46B9-BA8B-4D9D-8980-CC23C995826E}.Release|Any CPU.ActiveCfg = Release|Any CPU
		{899D46B9-BA8B-4D9D-8980-CC23C995826E}.Release|Any CPU.Build.0 = Release|Any CPU
	EndGlobalSection
	GlobalSection(NestedProjects) = preSolution
		{E0648CFA-E4FB-49AA-8488-69BF2D5FC488} = {97DA543D-AE26-4CAA-93DF-8E2526DFBF0F}
	EndGlobalSection
EndGlobal
